
Microsoft Visual Studio Solution File, Format Version 12.00
# Visual Studio 15
VisualStudioVersion = 15.0.28010.2048
MinimumVisualStudioVersion = 10.0.40219.1
Project("{FAE04EC0-301F-11D3-BF4B-00C04F79EFBC}") = "Flammabubble", "Flammabubble\Flammabubble.csproj", "{654409A0-93BB-4714-A50C-85DF1789C70E}"
EndProject
Global
	GlobalSection(SolutionConfigurationPlatforms) = preSolution
		Debug|Any CPU = Debug|Any CPU
		Release|Any CPU = Release|Any CPU
	EndGlobalSection
	GlobalSection(ProjectConfigurationPlatforms) = postSolution
		{654409A0-93BB-4714-A50C-85DF1789C70E}.Debug|Any CPU.ActiveCfg = Debug|Any CPU
		{654409A0-93BB-4714-A50C-85DF1789C70E}.Debug|Any CPU.Build.0 = Debug|Any CPU
		{654409A0-93BB-4714-A50C-85DF1789C70E}.Release|Any CPU.ActiveCfg = Release|Any CPU
		{654409A0-93BB-4714-A50C-85DF1789C70E}.Release|Any CPU.Build.0 = Release|Any CPU
	EndGlobalSection
	GlobalSection(SolutionProperties) = preSolution
		HideSolutionNode = FALSE
	EndGlobalSection
	GlobalSection(ExtensibilityGlobals) = postSolution
		SolutionGuid = {DF36B9A2-AA30-49E3-8B87-AF0131530890}
	EndGlobalSection
EndGlobal
